
Microsoft Visual Studio Solution File, Format Version 12.00
# Visual Studio Version 17
Project("{2150E333-8FDC-42A3-9474-1A3956D46DE8}") = "CMakePredefinedTargets", "CMakePredefinedTargets", "{DD9E7998-93D9-3F1D-911B-F39120C4137F}"
EndProject
Project("{8BC9CEB8-8B4A-11D0-8D11-00A0C91BC942}") = "CSC8503", "CSC8503\CSC8503.vcxproj", "{8DD14DEA-35F7-3B5E-9C23-A5A57D7D7F40}"
	ProjectSection(ProjectDependencies) = postProject
		{6E45BF33-00A2-397E-9D86-98B9250704C1} = {6E45BF33-00A2-397E-9D86-98B9250704C1}
		{C6F8BFF8-DDFE-3A53-A81B-B9D791A23DF2} = {C6F8BFF8-DDFE-3A53-A81B-B9D791A23DF2}
		{6D5D19A8-DD24-3186-A941-488317CFF6A7} = {6D5D19A8-DD24-3186-A941-488317CFF6A7}
		{605358B6-4FDC-304B-841F-ED8A457B0646} = {605358B6-4FDC-304B-841F-ED8A457B0646}
	EndProjectSection
EndProject
Project("{8BC9CEB8-8B4A-11D0-8D11-00A0C91BC942}") = "ALL_BUILD", "ALL_BUILD.vcxproj", "{AE1398C9-C124-3268-8CDA-2823F9DD83C2}"
	ProjectSection(ProjectDependencies) = postProject
		{8DD14DEA-35F7-3B5E-9C23-A5A57D7D7F40} = {8DD14DEA-35F7-3B5E-9C23-A5A57D7D7F40}
		{6E45BF33-00A2-397E-9D86-98B9250704C1} = {6E45BF33-00A2-397E-9D86-98B9250704C1}
		{C6F8BFF8-DDFE-3A53-A81B-B9D791A23DF2} = {C6F8BFF8-DDFE-3A53-A81B-B9D791A23DF2}
		{6D5D19A8-DD24-3186-A941-488317CFF6A7} = {6D5D19A8-DD24-3186-A941-488317CFF6A7}
		{605358B6-4FDC-304B-841F-ED8A457B0646} = {605358B6-4FDC-304B-841F-ED8A457B0646}
	EndProjectSection
EndProject
Project("{8BC9CEB8-8B4A-11D0-8D11-00A0C91BC942}") = "CSC8503CoreClasses", "CSC8503CoreClasses\CSC8503CoreClasses.vcxproj", "{6E45BF33-00A2-397E-9D86-98B9250704C1}"
	ProjectSection(ProjectDependencies) = postProject
		{605358B6-4FDC-304B-841F-ED8A457B0646} = {605358B6-4FDC-304B-841F-ED8A457B0646}
	EndProjectSection
EndProject
Project("{8BC9CEB8-8B4A-11D0-8D11-00A0C91BC942}") = "NCLCoreClasses", "NCLCoreClasses\NCLCoreClasses.vcxproj", "{C6F8BFF8-DDFE-3A53-A81B-B9D791A23DF2}"
	ProjectSection(ProjectDependencies) = postProject
		{605358B6-4FDC-304B-841F-ED8A457B0646} = {605358B6-4FDC-304B-841F-ED8A457B0646}
	EndProjectSection
EndProject
Project("{8BC9CEB8-8B4A-11D0-8D11-00A0C91BC942}") = "OpenGLRendering", "OpenGLRendering\OpenGLRendering.vcxproj", "{6D5D19A8-DD24-3186-A941-488317CFF6A7}"
	ProjectSection(ProjectDependencies) = postProject
		{C6F8BFF8-DDFE-3A53-A81B-B9D791A23DF2} = {C6F8BFF8-DDFE-3A53-A81B-B9D791A23DF2}
		{605358B6-4FDC-304B-841F-ED8A457B0646} = {605358B6-4FDC-304B-841F-ED8A457B0646}
	EndProjectSection
EndProject
Project("{8BC9CEB8-8B4A-11D0-8D11-00A0C91BC942}") = "ZERO_CHECK", "ZERO_CHECK.vcxproj", "{605358B6-4FDC-304B-841F-ED8A457B0646}"
	ProjectSection(ProjectDependencies) = postProject
	EndProjectSection
EndProject
Global
	GlobalSection(SolutionConfigurationPlatforms) = preSolution
		Debug|x64 = Debug|x64
		Release|x64 = Release|x64
	EndGlobalSection
	GlobalSection(ProjectConfigurationPlatforms) = postSolution
		{8DD14DEA-35F7-3B5E-9C23-A5A57D7D7F40}.Debug|x64.ActiveCfg = Debug|x64
		{8DD14DEA-35F7-3B5E-9C23-A5A57D7D7F40}.Debug|x64.Build.0 = Debug|x64
		{8DD14DEA-35F7-3B5E-9C23-A5A57D7D7F40}.Release|x64.ActiveCfg = Release|x64
		{8DD14DEA-35F7-3B5E-9C23-A5A57D7D7F40}.Release|x64.Build.0 = Release|x64
		{AE1398C9-C124-3268-8CDA-2823F9DD83C2}.Debug|x64.ActiveCfg = Debug|x64
		{AE1398C9-C124-3268-8CDA-2823F9DD83C2}.Release|x64.ActiveCfg = Release|x64
		{6E45BF33-00A2-397E-9D86-98B9250704C1}.Debug|x64.ActiveCfg = Debug|x64
		{6E45BF33-00A2-397E-9D86-98B9250704C1}.Debug|x64.Build.0 = Debug|x64
		{6E45BF33-00A2-397E-9D86-98B9250704C1}.Release|x64.ActiveCfg = Release|x64
		{6E45BF33-00A2-397E-9D86-98B9250704C1}.Release|x64.Build.0 = Release|x64
		{C6F8BFF8-DDFE-3A53-A81B-B9D791A23DF2}.Debug|x64.ActiveCfg = Debug|x64
		{C6F8BFF8-DDFE-3A53-A81B-B9D791A23DF2}.Debug|x64.Build.0 = Debug|x64
		{C6F8BFF8-DDFE-3A53-A81B-B9D791A23DF2}.Release|x64.ActiveCfg = Release|x64
		{C6F8BFF8-DDFE-3A53-A81B-B9D791A23DF2}.Release|x64.Build.0 = Release|x64
		{6D5D19A8-DD24-3186-A941-488317CFF6A7}.Debug|x64.ActiveCfg = Debug|x64
		{6D5D19A8-DD24-3186-A941-488317CFF6A7}.Debug|x64.Build.0 = Debug|x64
		{6D5D19A8-DD24-3186-A941-488317CFF6A7}.Release|x64.ActiveCfg = Release|x64
		{6D5D19A8-DD24-3186-A941-488317CFF6A7}.Release|x64.Build.0 = Release|x64
		{605358B6-4FDC-304B-841F-ED8A457B0646}.Debug|x64.ActiveCfg = Debug|x64
		{605358B6-4FDC-304B-841F-ED8A457B0646}.Debug|x64.Build.0 = Debug|x64
		{605358B6-4FDC-304B-841F-ED8A457B0646}.Release|x64.ActiveCfg = Release|x64
		{605358B6-4FDC-304B-841F-ED8A457B0646}.Release|x64.Build.0 = Release|x64
	EndGlobalSection
	GlobalSection(NestedProjects) = preSolution
		{AE1398C9-C124-3268-8CDA-2823F9DD83C2} = {DD9E7998-93D9-3F1D-911B-F39120C4137F}
		{605358B6-4FDC-304B-841F-ED8A457B0646} = {DD9E7998-93D9-3F1D-911B-F39120C4137F}
	EndGlobalSection
	GlobalSection(ExtensibilityGlobals) = postSolution
		SolutionGuid = {E518D95C-E39B-38A2-80E6-83B3D2FA6567}
	EndGlobalSection
	GlobalSection(ExtensibilityAddIns) = postSolution
	EndGlobalSection
EndGlobal
